{
  "name": "@togglefly/houston",
  "version": "1.0.0",
  "lockfileVersion": 2,
  "requires": true,
  "packages": {
    "": {
      "name": "@togglefly/houston",
      "version": "1.0.0",
      "license": "ISC",
      "dependencies": {
        "pnpm": "^7.2.1"
      }
    },
    "node_modules/pnpm": {
      "version": "7.2.1",
      "resolved": "https://registry.npmjs.org/pnpm/-/pnpm-7.2.1.tgz",
      "integrity": "sha512-Z2Wg7YHxeit2U+0aSj+doBPF9+ER0e3VLOGuJOQbk8rzIxK6zMtrQ0ICieCUGPWRM0Vbwj8yIcTKzO22Yhs/Cg==",
      "bin": {
        "pnpm": "bin/pnpm.cjs",
        "pnpx": "bin/pnpx.cjs"
      },
      "engines": {
        "node": ">=14.6"
      },
      "funding": {
        "url": "https://opencollective.com/pnpm"
      }
    }
  },
  "dependencies": {
    "pnpm": {
      "version": "7.2.1",
      "resolved": "https://registry.npmjs.org/pnpm/-/pnpm-7.2.1.tgz",
      "integrity": "sha512-Z2Wg7YHxeit2U+0aSj+doBPF9+ER0e3VLOGuJOQbk8rzIxK6zMtrQ0ICieCUGPWRM0Vbwj8yIcTKzO22Yhs/Cg=="
    }
  }
}
